# This file is automatically @generated by Poetry 1.6.1 and should not be changed by hand.

[[package]]
name = "micropython-stdlib-stubs"
version = "1.1.1a2"
description = "Micropython stdlib is a reduced and augmented copy of typeshed's stdlib for use by MicroPython stub packages"
optional = false
python-versions = "^3.8"
files = []
develop = false

[package.source]
type = "directory"
url = "../micropython-stdlib-stubs"

[metadata]
lock-version = "2.0"
python-versions = "^3.8"
content-hash = "fd50a6857a22721b8c2ea7f420f7cba1504830e5dca8cae4c95573ea122dc704"
